version = 1
revision = 3
requires-python = ">=3.13"

[[package]]
name = "click"
version = "8.3.0"
source = { registry = "https://pypi.org/simple" }
dependencies = [
    { name = "colorama", marker = "sys_platform == 'win32'" },
]
sdist = { url = "https://files.pythonhosted.org/packages/46/61/de6cd827efad202d7057d93e0fed9294b96952e188f7384832791c7b2254/click-8.3.0.tar.gz", hash = "sha256:e7b8232224eba16f4ebe410c25ced9f7875cb5f3263ffc93cc3e8da705e229c4", size = 276943, upload-time = "2025-09-18T17:32:23.696Z" }
wheels = [
    { url = "https://files.pythonhosted.org/packages/db/d3/9dcc0f5797f070ec8edf30fbadfb200e71d9db6b84d211e3b2085a7589a0/click-8.3.0-py3-none-any.whl", hash = "sha256:9b9f285302c6e3064f4330c05f05b81945b2a39544279343e6e7c5f27a9baddc", size = 107295, upload-time = "2025-09-18T17:32:22.42Z" },
]

[[package]]
name = "colorama"
version = "0.4.6"
source = { registry = "https://pypi.org/simple" }
sdist = { url = "https://files.pythonhosted.org/packages/d8/53/6f443c9a4a8358a93a6792e2acffb9d9d5cb0a5cfd8802644b7b1c9a02e4/colorama-0.4.6.tar.gz", hash = "sha256:08695f5cb7ed6e0531a20572697297273c47b8cae5a63ffc6d6ed5c201be6e44", size = 27697, upload-time = "2022-10-25T02:36:22.414Z" }
wheels = [
    { url = "https://files.pythonhosted.org/packages/d1/d6/3965ed04c63042e047cb6a3e6ed1a63a35087b6a609aa3a15ed8ac56c221/colorama-0.4.6-py2.py3-none-any.whl", hash = "sha256:4f1d9991f5acc0ca119f9d443620b77f9d6b33703e51011c16baf57afb285fc6", size = 25335, upload-time = "2022-10-25T02:36:20.889Z" },
]

[[package]]
name = "fren"
version = "0.1.0"
source = { editable = "." }
dependencies = [
    { name = "click" },
    { name = "pendulum" },
    { name = "python-slugify" },
]

[package.dev-dependencies]
dev = [
    { name = "pytest" },
    { name = "testfixtures" },
]

[package.metadata]
requires-dist = [
    { name = "click" },
    { name = "pendulum" },
    { name = "python-slugify" },
]

[package.metadata.requires-dev]
dev = [
    { name = "pytest", specifier = ">=8.4.2" },
    { name = "testfixtures", specifier = ">=9.2.0" },
]

[[package]]
name = "iniconfig"
version = "2.3.0"
source = { registry = "https://pypi.org/simple" }
sdist = { url = "https://files.pythonhosted.org/packages/72/34/14ca021ce8e5dfedc35312d08ba8bf51fdd999c576889fc2c24cb97f4f10/iniconfig-2.3.0.tar.gz", hash = "sha256:c76315c77db068650d49c5b56314774a7804df16fee4402c1f19d6d15d8c4730", size = 20503, upload-time = "2025-10-18T21:55:43.219Z" }
wheels = [
    { url = "https://files.pythonhosted.org/packages/cb/b1/3846dd7f199d53cb17f49cba7e651e9ce294d8497c8c150530ed11865bb8/iniconfig-2.3.0-py3-none-any.whl", hash = "sha256:f631c04d2c48c52b84d0d0549c99ff3859c98df65b3101406327ecc7d53fbf12", size = 7484, upload-time = "2025-10-18T21:55:41.639Z" },
]

[[package]]
name = "packaging"
version = "25.0"
source = { registry = "https://pypi.org/simple" }
sdist = { url = "https://files.pythonhosted.org/packages/a1/d4/1fc4078c65507b51b96ca8f8c3ba19e6a61c8253c72794544580a7b6c24d/packaging-25.0.tar.gz", hash = "sha256:d443872c98d677bf60f6a1f2f8c1cb748e8fe762d2bf9d3148b5599295b0fc4f", size = 165727, upload-time = "2025-04-19T11:48:59.673Z" }
wheels = [
    { url = "https://files.pythonhosted.org/packages/20/12/38679034af332785aac8774540895e234f4d07f7545804097de4b666afd8/packaging-25.0-py3-none-any.whl", hash = "sha256:29572ef2b1f17581046b3a2227d5c611fb25ec70ca1ba8554b24b0e69331a484", size = 66469, upload-time = "2025-04-19T11:48:57.875Z" },
]

[[package]]
name = "pendulum"
version = "3.1.0"
source = { registry = "https://pypi.org/simple" }
dependencies = [
    { name = "python-dateutil" },
    { name = "tzdata" },
]
sdist = { url = "https://files.pythonhosted.org/packages/23/7c/009c12b86c7cc6c403aec80f8a4308598dfc5995e5c523a5491faaa3952e/pendulum-3.1.0.tar.gz", hash = "sha256:66f96303560f41d097bee7d2dc98ffca716fbb3a832c4b3062034c2d45865015", size = 85930, upload-time = "2025-04-19T14:30:01.675Z" }
wheels = [
    { url = "https://files.pythonhosted.org/packages/8e/1f/af928ba4aa403dac9569f787adcf024005e7654433d71f7a84e608716837/pendulum-3.1.0-cp313-cp313-macosx_10_12_x86_64.whl", hash = "sha256:28658b0baf4b30eb31d096a375983cfed033e60c0a7bbe94fa23f06cd779b50b", size = 336209, upload-time = "2025-04-19T14:01:42.775Z" },
    { url = "https://files.pythonhosted.org/packages/b6/16/b010643007ba964c397da7fa622924423883c1bbff1a53f9d1022cd7f024/pendulum-3.1.0-cp313-cp313-macosx_11_0_arm64.whl", hash = "sha256:b114dcb99ce511cb8f5495c7b6f0056b2c3dba444ef1ea6e48030d7371bd531a", size = 323132, upload-time = "2025-04-19T14:01:44.577Z" },
    { url = "https://files.pythonhosted.org/packages/64/19/c3c47aeecb5d9bceb0e89faafd800d39809b696c5b7bba8ec8370ad5052c/pendulum-3.1.0-cp313-cp313-manylinux_2_17_aarch64.manylinux2014_aarch64.whl", hash = "sha256:2404a6a54c80252ea393291f0b7f35525a61abae3d795407f34e118a8f133a18", size = 341509, upload-time = "2025-04-19T14:01:46.084Z" },
    { url = "https://files.pythonhosted.org/packages/38/cf/c06921ff6b860ff7e62e70b8e5d4dc70e36f5abb66d168bd64d51760bc4e/pendulum-3.1.0-cp313-cp313-manylinux_2_17_ppc64le.manylinux2014_ppc64le.whl", hash = "sha256:d06999790d9ee9962a1627e469f98568bf7ad1085553fa3c30ed08b3944a14d7", size = 378674, upload-time = "2025-04-19T14:01:47.727Z" },
    { url = "https://files.pythonhosted.org/packages/62/0b/a43953b9eba11e82612b033ac5133f716f1b76b6108a65da6f408b3cc016/pendulum-3.1.0-cp313-cp313-manylinux_2_17_s390x.manylinux2014_s390x.whl", hash = "sha256:94751c52f6b7c306734d1044c2c6067a474237e1e5afa2f665d1fbcbbbcf24b3", size = 436133, upload-time = "2025-04-19T14:01:49.126Z" },
    { url = "https://files.pythonhosted.org/packages/eb/a0/ec3d70b3b96e23ae1d039f132af35e17704c22a8250d1887aaefea4d78a6/pendulum-3.1.0-cp313-cp313-manylinux_2_17_x86_64.manylinux2014_x86_64.whl", hash = "sha256:5553ac27be05e997ec26d7f004cf72788f4ce11fe60bb80dda604a64055b29d0", size = 351232, upload-time = "2025-04-19T14:01:50.575Z" },
    { url = "https://files.pythonhosted.org/packages/f4/97/aba23f1716b82f6951ba2b1c9178a2d107d1e66c102762a9bf19988547ea/pendulum-3.1.0-cp313-cp313-musllinux_1_1_aarch64.whl", hash = "sha256:f8dee234ca6142bf0514368d01a72945a44685aaa2fc4c14c98d09da9437b620", size = 521563, upload-time = "2025-04-19T14:01:51.9Z" },
    { url = "https://files.pythonhosted.org/packages/01/33/2c0d5216cc53d16db0c4b3d510f141ee0a540937f8675948541190fbd48b/pendulum-3.1.0-cp313-cp313-musllinux_1_1_x86_64.whl", hash = "sha256:7378084fe54faab4ee481897a00b710876f2e901ded6221671e827a253e643f2", size = 523221, upload-time = "2025-04-19T14:01:53.275Z" },
    { url = "https://files.pythonhosted.org/packages/51/89/8de955c339c31aeae77fd86d3225509b998c81875e9dba28cb88b8cbf4b3/pendulum-3.1.0-cp313-cp313-win_amd64.whl", hash = "sha256:8539db7ae2c8da430ac2515079e288948c8ebf7eb1edd3e8281b5cdf433040d6", size = 260501, upload-time = "2025-04-19T14:01:54.749Z" },
    { url = "https://files.pythonhosted.org/packages/15/c3/226a3837363e94f8722461848feec18bfdd7d5172564d53aa3c3397ff01e/pendulum-3.1.0-cp313-cp313-win_arm64.whl", hash = "sha256:1ce26a608e1f7387cd393fba2a129507c4900958d4f47b90757ec17656856571", size = 253087, upload-time = "2025-04-19T14:01:55.998Z" },
    { url = "https://files.pythonhosted.org/packages/6e/23/e98758924d1b3aac11a626268eabf7f3cf177e7837c28d47bf84c64532d0/pendulum-3.1.0-py3-none-any.whl", hash = "sha256:f9178c2a8e291758ade1e8dd6371b1d26d08371b4c7730a6e9a3ef8b16ebae0f", size = 111799, upload-time = "2025-04-19T14:02:34.739Z" },
]

[[package]]
name = "pluggy"
version = "1.6.0"
source = { registry = "https://pypi.org/simple" }
sdist = { url = "https://files.pythonhosted.org/packages/f9/e2/3e91f31a7d2b083fe6ef3fa267035b518369d9511ffab804f839851d2779/pluggy-1.6.0.tar.gz", hash = "sha256:7dcc130b76258d33b90f61b658791dede3486c3e6bfb003ee5c9bfb396dd22f3", size = 69412, upload-time = "2025-05-15T12:30:07.975Z" }
wheels = [
    { url = "https://files.pythonhosted.org/packages/54/20/4d324d65cc6d9205fabedc306948156824eb9f0ee1633355a8f7ec5c66bf/pluggy-1.6.0-py3-none-any.whl", hash = "sha256:e920276dd6813095e9377c0bc5566d94c932c33b27a3e3945d8389c374dd4746", size = 20538, upload-time = "2025-05-15T12:30:06.134Z" },
]

[[package]]
name = "pygments"
version = "2.20.0"
source = { registry = "https://pypi.org/simple" }
sdist = { url = "https://files.pythonhosted.org/packages/c3/b2/bc9c9196916376152d655522fdcebac55e66de6603a76a02bca1b6414f6c/pygments-2.20.0.tar.gz", hash = "sha256:6757cd03768053ff99f3039c1a36d6c0aa0b263438fcab17520b30a303a82b5f", size = 4955991, upload-time = "2026-03-29T13:29:33.898Z" }
wheels = [
    { url = "https://files.pythonhosted.org/packages/f4/7e/a72dd26f3b0f4f2bf1dd8923c85f7ceb43172af56d63c7383eb62b332364/pygments-2.20.0-py3-none-any.whl", hash = "sha256:81a9e26dd42fd28a23a2d169d86d7ac03b46e2f8b59ed4698fb4785f946d0176", size = 1231151, upload-time = "2026-03-29T13:29:30.038Z" },
]

[[package]]
name = "pytest"
version = "8.4.2"
source = { registry = "https://pypi.org/simple" }
dependencies = [
    { name = "colorama", marker = "sys_platform == 'win32'" },
    { name = "iniconfig" },
    { name = "packaging" },
    { name = "pluggy" },
    { name = "pygments" },
]
sdist = { url = "https://files.pythonhosted.org/packages/a3/5c/00a0e072241553e1a7496d638deababa67c5058571567b92a7eaa258397c/pytest-8.4.2.tar.gz", hash = "sha256:86c0d0b93306b961d58d62a4db4879f27fe25513d4b969df351abdddb3c30e01", size = 1519618, upload-time = "2025-09-04T14:34:22.711Z" }
wheels = [
    { url = "https://files.pythonhosted.org/packages/a8/a4/20da314d277121d6534b3a980b29035dcd51e6744bd79075a6ce8fa4eb8d/pytest-8.4.2-py3-none-any.whl", hash = "sha256:872f880de3fc3a5bdc88a11b39c9710c3497a547cfa9320bc3c5e62fbf272e79", size = 365750, upload-time = "2025-09-04T14:34:20.226Z" },
]

[[package]]
name = "python-dateutil"
version = "2.9.0.post0"
source = { registry = "https://pypi.org/simple" }
dependencies = [
    { name = "six" },
]
sdist = { url = "https://files.pythonhosted.org/packages/66/c0/0c8b6ad9f17a802ee498c46e004a0eb49bc148f2fd230864601a86dcf6db/python-dateutil-2.9.0.post0.tar.gz", hash = "sha256:37dd54208da7e1cd875388217d5e00ebd4179249f90fb72437e91a35459a0ad3", size = 342432, upload-time = "2024-03-01T18:36:20.211Z" }
wheels = [
    { url = "https://files.pythonhosted.org/packages/ec/57/56b9bcc3c9c6a792fcbaf139543cee77261f3651ca9da0c93f5c1221264b/python_dateutil-2.9.0.post0-py2.py3-none-any.whl", hash = "sha256:a8b2bc7bffae282281c8140a97d3aa9c14da0b136dfe83f850eea9a5f7470427", size = 229892, upload-time = "2024-03-01T18:36:18.57Z" },
]

[[package]]
name = "python-slugify"
version = "8.0.4"
source = { registry = "https://pypi.org/simple" }
dependencies = [
    { name = "text-unidecode" },
]
sdist = { url = "https://files.pythonhosted.org/packages/87/c7/5e1547c44e31da50a460df93af11a535ace568ef89d7a811069ead340c4a/python-slugify-8.0.4.tar.gz", hash = "sha256:59202371d1d05b54a9e7720c5e038f928f45daaffe41dd10822f3907b937c856", size = 10921, upload-time = "2024-02-08T18:32:45.488Z" }
wheels = [
    { url = "https://files.pythonhosted.org/packages/a4/62/02da182e544a51a5c3ccf4b03ab79df279f9c60c5e82d5e8bec7ca26ac11/python_slugify-8.0.4-py2.py3-none-any.whl", hash = "sha256:276540b79961052b66b7d116620b36518847f52d5fd9e3a70164fc8c50faa6b8", size = 10051, upload-time = "2024-02-08T18:32:43.911Z" },
]

[[package]]
name = "six"
version = "1.17.0"
source = { registry = "https://pypi.org/simple" }
sdist = { url = "https://files.pythonhosted.org/packages/94/e7/b2c673351809dca68a0e064b6af791aa332cf192da575fd474ed7d6f16a2/six-1.17.0.tar.gz", hash = "sha256:ff70335d468e7eb6ec65b95b99d3a2836546063f63acc5171de367e834932a81", size = 34031, upload-time = "2024-12-04T17:35:28.174Z" }
wheels = [
    { url = "https://files.pythonhosted.org/packages/b7/ce/149a00dd41f10bc29e5921b496af8b574d8413afcd5e30dfa0ed46c2cc5e/six-1.17.0-py2.py3-none-any.whl", hash = "sha256:4721f391ed90541fddacab5acf947aa0d3dc7d27b2e1e8eda2be8970586c3274", size = 11050, upload-time = "2024-12-04T17:35:26.475Z" },
]

[[package]]
name = "testfixtures"
version = "9.2.0"
source = { registry = "https://pypi.org/simple" }
sdist = { url = "https://files.pythonhosted.org/packages/05/40/e6d473e77a69b91bb8e042cab961f24536ddc04f9fb9042cbbe6e6c73c66/testfixtures-9.2.0.tar.gz", hash = "sha256:1909e7889073c96adda774a01de6441da1a2cb47ea5c25c8c2fe56d42a7cf0c1", size = 90563, upload-time = "2025-10-13T14:54:55.062Z" }
wheels = [
    { url = "https://files.pythonhosted.org/packages/96/52/6626627fd6b2216fc7109d95f0c0d453c702c801bd25d2a660c60653e0a2/testfixtures-9.2.0-py3-none-any.whl", hash = "sha256:6fc7cd859509a4dd2cf9ca18ca1114bb8fd55db6358925539525c067b275e805", size = 108533, upload-time = "2025-10-13T14:54:53.996Z" },
]

[[package]]
name = "text-unidecode"
version = "1.3"
source = { registry = "https://pypi.org/simple" }
sdist = { url = "https://files.pythonhosted.org/packages/ab/e2/e9a00f0ccb71718418230718b3d900e71a5d16e701a3dae079a21e9cd8f8/text-unidecode-1.3.tar.gz", hash = "sha256:bad6603bb14d279193107714b288be206cac565dfa49aa5b105294dd5c4aab93", size = 76885, upload-time = "2019-08-30T21:36:45.405Z" }
wheels = [
    { url = "https://files.pythonhosted.org/packages/a6/a5/c0b6468d3824fe3fde30dbb5e1f687b291608f9473681bbf7dabbf5a87d7/text_unidecode-1.3-py2.py3-none-any.whl", hash = "sha256:1311f10e8b895935241623731c2ba64f4c455287888b18189350b67134a822e8", size = 78154, upload-time = "2019-08-30T21:37:03.543Z" },
]

[[package]]
name = "tzdata"
version = "2025.2"
source = { registry = "https://pypi.org/simple" }
sdist = { url = "https://files.pythonhosted.org/packages/95/32/1a225d6164441be760d75c2c42e2780dc0873fe382da3e98a2e1e48361e5/tzdata-2025.2.tar.gz", hash = "sha256:b60a638fcc0daffadf82fe0f57e53d06bdec2f36c4df66280ae79bce6bd6f2b9", size = 196380, upload-time = "2025-03-23T13:54:43.652Z" }
wheels = [
    { url = "https://files.pythonhosted.org/packages/5c/23/c7abc0ca0a1526a0774eca151daeb8de62ec457e77262b66b359c3c7679e/tzdata-2025.2-py2.py3-none-any.whl", hash = "sha256:1a403fada01ff9221ca8044d701868fa132215d84beb92242d9acd2147f667a8", size = 347839, upload-time = "2025-03-23T13:54:41.845Z" },
]
